
Microsoft Visual Studio Solution File, Format Version 12.00
# Visual Studio Version 17
VisualStudioVersion = 17.11.35327.3
MinimumVisualStudioVersion = 10.0.40219.1
Project("{FAE04EC0-301F-11D3-BF4B-00C04F79EFBC}") = "backAppMetodos", "backAppMetodos\backAppMetodos.csproj", "{D5D06713-CB66-4DFB-970F-D079CCDA3BA2}"
EndProject
Global
	GlobalSection(SolutionConfigurationPlatforms) = preSolution
		Debug|Any CPU = Debug|Any CPU
		Release|Any CPU = Release|Any CPU
	EndGlobalSection
	GlobalSection(ProjectConfigurationPlatforms) = postSolution
		{D5D06713-CB66-4DFB-970F-D079CCDA3BA2}.Debug|Any CPU.ActiveCfg = Debug|Any CPU
		{D5D06713-CB66-4DFB-970F-D079CCDA3BA2}.Debug|Any CPU.Build.0 = Debug|Any CPU
		{D5D06713-CB66-4DFB-970F-D079CCDA3BA2}.Release|Any CPU.ActiveCfg = Release|Any CPU
		{D5D06713-CB66-4DFB-970F-D079CCDA3BA2}.Release|Any CPU.Build.0 = Release|Any CPU
	EndGlobalSection
	GlobalSection(SolutionProperties) = preSolution
		HideSolutionNode = FALSE
	EndGlobalSection
	GlobalSection(ExtensibilityGlobals) = postSolution
		SolutionGuid = {84113BCA-CA86-44A5-A91F-204A031D7DC9}
	EndGlobalSection
EndGlobal
